{
  "name": "ftl-to-md",
  "version": "1.0.0",
  "lockfileVersion": 1,
  "requires": true,
  "dependencies": {
    "@fluent/bundle": {
      "version": "0.14.0",
      "resolved": "https://registry.npmjs.org/@fluent/bundle/-/bundle-0.14.0.tgz",
      "integrity": "sha512-ENcZYWq6Q5ut39n3hSQiL3seCTAajuPXIkpnPBeO4xcJFTUebNhKh5VpmwJngoS5lkRVYOzJGmupADzQy/ODYw=="
    },
    "@fluent/syntax": {
      "version": "0.14.0",
      "resolved": "https://registry.npmjs.org/@fluent/syntax/-/syntax-0.14.0.tgz",
      "integrity": "sha512-E+1yHdSo/4PTS6bCbj5J+kzEpucf3eJ0U5mLk7VtnUiMvlPHSbmEL68GLCL9QNTOP3laxZtCHCYDD0Ci/2n97w=="
    }
  }
}
